Microsoft Visual Studio Solution File, Format Version 12.00
# Visual Studio Version 17
VisualStudioVersion = 17.5.2.0
MinimumVisualStudioVersion = 10.0.40219.1
Project("{FAE04EC0-301F-11D3-BF4B-00C04F79EFBC}") = "program13", "program13\program13.csproj", "{02BEC8CA-4801-F8DA-F1CD-133907BA2FBD}"
EndProject
Global
	GlobalSection(SolutionConfigurationPlatforms) = preSolution
		Debug|Any CPU = Debug|Any CPU
		Release|Any CPU = Release|Any CPU
	EndGlobalSection
	GlobalSection(ProjectConfigurationPlatforms) = postSolution
		{02BEC8CA-4801-F8DA-F1CD-133907BA2FBD}.Debug|Any CPU.ActiveCfg = Debug|Any CPU
		{02BEC8CA-4801-F8DA-F1CD-133907BA2FBD}.Debug|Any CPU.Build.0 = Debug|Any CPU
		{02BEC8CA-4801-F8DA-F1CD-133907BA2FBD}.Release|Any CPU.ActiveCfg = Release|Any CPU
		{02BEC8CA-4801-F8DA-F1CD-133907BA2FBD}.Release|Any CPU.Build.0 = Release|Any CPU
	EndGlobalSection
	GlobalSection(SolutionProperties) = preSolution
		HideSolutionNode = FALSE
	EndGlobalSection
	GlobalSection(ExtensibilityGlobals) = postSolution
		SolutionGuid = {5697C71F-0960-4682-92D1-2F62730A845D}
	EndGlobalSection
EndGlobal
